
Microsoft Visual Studio Solution File, Format Version 12.00
# Visual Studio 2012
Project("{FAE04EC0-301F-11D3-BF4B-00C04F79EFBC}") = "TheiaFTPSync.Console", "DelugeFTPSync\TheiaFTPSync.Console.csproj", "{A6EE10CB-5B8E-4CC1-9E31-CA2AE6A78359}"
EndProject
Project("{FAE04EC0-301F-11D3-BF4B-00C04F79EFBC}") = "TheiaFTPSync.Core", "TheiaFTPSync.Core\TheiaFTPSync.Core.csproj", "{D83FB264-D4FE-4154-87F5-00EA6E8299E9}"
EndProject
Global
	GlobalSection(SolutionConfigurationPlatforms) = preSolution
		Debug|Any CPU = Debug|Any CPU
		Release|Any CPU = Release|Any CPU
	EndGlobalSection
	GlobalSection(ProjectConfigurationPlatforms) = postSolution
		{A6EE10CB-5B8E-4CC1-9E31-CA2AE6A78359}.Debug|Any CPU.ActiveCfg = Debug|Any CPU
		{A6EE10CB-5B8E-4CC1-9E31-CA2AE6A78359}.Debug|Any CPU.Build.0 = Debug|Any CPU
		{A6EE10CB-5B8E-4CC1-9E31-CA2AE6A78359}.Release|Any CPU.ActiveCfg = Release|Any CPU
		{A6EE10CB-5B8E-4CC1-9E31-CA2AE6A78359}.Release|Any CPU.Build.0 = Release|Any CPU
		{D83FB264-D4FE-4154-87F5-00EA6E8299E9}.Debug|Any CPU.ActiveCfg = Debug|Any CPU
		{D83FB264-D4FE-4154-87F5-00EA6E8299E9}.Debug|Any CPU.Build.0 = Debug|Any CPU
		{D83FB264-D4FE-4154-87F5-00EA6E8299E9}.Release|Any CPU.ActiveCfg = Release|Any CPU
		{D83FB264-D4FE-4154-87F5-00EA6E8299E9}.Release|Any CPU.Build.0 = Release|Any CPU
	EndGlobalSection
	GlobalSection(SolutionProperties) = preSolution
		HideSolutionNode = FALSE
	EndGlobalSection
EndGlobal
